// !$*UTF8*$!
{
	archiveVersion = 1;
	classes = {
	};
	objectVersion = 48;
	objects = {

/* Begin PBXBuildFile section */
		C952DBC51F9474E800F4DF45 /* main.swift in Sources */ = {isa = PBXBuildFile; fileRef = C952DBC41F9474E800F4DF45 /* main.swift */; };
		C952DBDF1F94F71300F4DF45 /* LadderPlayer.swift in Sources */ = {isa = PBXBuildFile; fileRef = C952DBDE1F94F71300F4DF45 /* LadderPlayer.swift */; };
		C952DBE11F94F73500F4DF45 /* LadderGame.swift in Sources */ = {isa = PBXBuildFile; fileRef = C952DBE01F94F73500F4DF45 /* LadderGame.swift */; };
		C952DBE31F94F75200F4DF45 /* InputView.swift in Sources */ = {isa = PBXBuildFile; fileRef = C952DBE21F94F75200F4DF45 /* InputView.swift */; };
		C952DBE51F94F76C00F4DF45 /* ResultView.swift in Sources */ = {isa = PBXBuildFile; fileRef = C952DBE41F94F76C00F4DF45 /* ResultView.swift */; };
		C952DC041F9888F300F4DF45 /* UnitTestLadderGame.swift in Sources */ = {isa = PBXBuildFile; fileRef = C952DC031F9888F300F4DF45 /* UnitTestLadderGame.swift */; };
		C952DC091F98893E00F4DF45 /* LadderPlayer.swift in Sources */ = {isa = PBXBuildFile; fileRef = C952DBDE1F94F71300F4DF45 /* LadderPlayer.swift */; };
		C952DC0A1F98894500F4DF45 /* LadderGame.swift in Sources */ = {isa = PBXBuildFile; fileRef = C952DBE01F94F73500F4DF45 /* LadderGame.swift */; };
		C952DC0B1F98894D00F4DF45 /* ResultView.swift in Sources */ = {isa = PBXBuildFile; fileRef = C952DBE41F94F76C00F4DF45 /* ResultView.swift */; };
/* End PBXBuildFile section */

/* Begin PBXCopyFilesBuildPhase section */
		C952DBBF1F9474E800F4DF45 /* CopyFiles */ = {
			isa = PBXCopyFilesBuildPhase;
			buildActionMask = 2147483647;
			dstPath = /usr/share/man/man1/;
			dstSubfolderSpec = 0;
			files = (
			);
			runOnlyForDeploymentPostprocessing = 1;
		};
/* End PBXCopyFilesBuildPhase section */

/* Begin PBXFileReference section */
		C952DBC11F9474E800F4DF45 /* Laddergame */ = {isa = PBXFileReference; explicitFileType = "compiled.mach-o.executable"; includeInIndex = 0; path = Laddergame; sourceTree = BUILT_PRODUCTS_DIR; };
		C952DBC41F9474E800F4DF45 /* main.swift */ = {isa = PBXFileReference; lastKnownFileType = sourcecode.swift; path = main.swift; sourceTree = "<group>"; };
		C952DBDE1F94F71300F4DF45 /* LadderPlayer.swift */ = {isa = PBXFileReference; lastKnownFileType = sourcecode.swift; path = LadderPlayer.swift; sourceTree = "<group>"; };
		C952DBE01F94F73500F4DF45 /* LadderGame.swift */ = {isa = PBXFileReference; lastKnownFileType = sourcecode.swift; path = LadderGame.swift; sourceTree = "<group>"; };
		C952DBE21F94F75200F4DF45 /* InputView.swift */ = {isa = PBXFileReference; lastKnownFileType = sourcecode.swift; path = InputView.swift; sourceTree = "<group>"; };
		C952DBE41F94F76C00F4DF45 /* ResultView.swift */ = {isa = PBXFileReference; lastKnownFileType = sourcecode.swift; path = ResultView.swift; sourceTree = "<group>"; };
		C952DC011F9888F200F4DF45 /* UnitTestLadderGame.xctest */ = {isa = PBXFileReference; explicitFileType = wrapper.cfbundle; includeInIndex = 0; path = UnitTestLadderGame.xctest; sourceTree = BUILT_PRODUCTS_DIR; };
		C952DC031F9888F300F4DF45 /* UnitTestLadderGame.swift */ = {isa = PBXFileReference; lastKnownFileType = sourcecode.swift; path = UnitTestLadderGame.swift; sourceTree = "<group>"; };
		C952DC051F9888F300F4DF45 /* Info.plist */ = {isa = PBXFileReference; lastKnownFileType = text.plist.xml; path = Info.plist; sourceTree = "<group>"; };
/* End PBXFileReference section */

/* Begin PBXFrameworksBuildPhase section */
		C952DBBE1F9474E800F4DF45 /* Frameworks */ = {
			isa = PBXFrameworksBuildPhase;
			buildActionMask = 2147483647;
			files = (
			);
			runOnlyForDeploymentPostprocessing = 0;
		};
		C952DBFE1F9888F200F4DF45 /* Frameworks */ = {
			isa = PBXFrameworksBuildPhase;
			buildActionMask = 2147483647;
			files = (
			);
			runOnlyForDeploymentPostprocessing = 0;
		};
/* End PBXFrameworksBuildPhase section */

/* Begin PBXGroup section */
		C952DBB81F9474E800F4DF45 = {
			isa = PBXGroup;
			children = (
				C952DBC31F9474E800F4DF45 /* Laddergame */,
				C952DC021F9888F300F4DF45 /* UnitTestLadderGame */,
				C952DBC21F9474E800F4DF45 /* Products */,
			);
			sourceTree = "<group>";
		};
		C952DBC21F9474E800F4DF45 /* Products */ = {
			isa = PBXGroup;
			children = (
				C952DBC11F9474E800F4DF45 /* Laddergame */,
				C952DC011F9888F200F4DF45 /* UnitTestLadderGame.xctest */,
			);
			name = Products;
			sourceTree = "<group>";
		};
		C952DBC31F9474E800F4DF45 /* Laddergame */ = {
			isa = PBXGroup;
			children = (
				C952DBC41F9474E800F4DF45 /* main.swift */,
				C952DBDE1F94F71300F4DF45 /* LadderPlayer.swift */,
				C952DBE01F94F73500F4DF45 /* LadderGame.swift */,
				C952DBE21F94F75200F4DF45 /* InputView.swift */,
				C952DBE41F94F76C00F4DF45 /* ResultView.swift */,
			);
			path = Laddergame;
			sourceTree = "<group>";
		};
		C952DC021F9888F300F4DF45 /* UnitTestLadderGame */ = {
			isa = PBXGroup;
			children = (
				C952DC031F9888F300F4DF45 /* UnitTestLadderGame.swift */,
				C952DC051F9888F300F4DF45 /* Info.plist */,
			);
			path = UnitTestLadderGame;
			sourceTree = "<group>";
		};
/* End PBXGroup section */

/* Begin PBXNativeTarget section */
		C952DBC01F9474E800F4DF45 /* Laddergame */ = {
			isa = PBXNativeTarget;
			buildConfigurationList = C952DBC81F9474E800F4DF45 /* Build configuration list for PBXNativeTarget "Laddergame" */;
			buildPhases = (
				C952DBBD1F9474E800F4DF45 /* Sources */,
				C952DBBE1F9474E800F4DF45 /* Frameworks */,
				C952DBBF1F9474E800F4DF45 /* CopyFiles */,
			);
			buildRules = (
			);
			dependencies = (
			);
			name = Laddergame;
			productName = Laddergame;
			productReference = C952DBC11F9474E800F4DF45 /* Laddergame */;
			productType = "com.apple.product-type.tool";
		};
		C952DC001F9888F200F4DF45 /* UnitTestLadderGame */ = {
			isa = PBXNativeTarget;
			buildConfigurationList = C952DC081F9888F300F4DF45 /* Build configuration list for PBXNativeTarget "UnitTestLadderGame" */;
			buildPhases = (
				C952DBFD1F9888F200F4DF45 /* Sources */,
				C952DBFE1F9888F200F4DF45 /* Frameworks */,
				C952DBFF1F9888F200F4DF45 /* Resources */,
			);
			buildRules = (
			);
			dependencies = (
			);
			name = UnitTestLadderGame;
			productName = UnitTestLadderGame;
			productReference = C952DC011F9888F200F4DF45 /* UnitTestLadderGame.xctest */;
			productType = "com.apple.product-type.bundle.unit-test";
		};
/* End PBXNativeTarget section */

/* Begin PBXProject section */
		C952DBB91F9474E800F4DF45 /* Project object */ = {
			isa = PBXProject;
			attributes = {
				LastSwiftUpdateCheck = 0900;
				LastUpgradeCheck = 0900;
				ORGANIZATIONNAME = "yang hee jung";
				TargetAttributes = {
					C952DBC01F9474E800F4DF45 = {
						CreatedOnToolsVersion = 9.0;
						ProvisioningStyle = Automatic;
					};
					C952DC001F9888F200F4DF45 = {
						CreatedOnToolsVersion = 9.0;
						ProvisioningStyle = Automatic;
					};
				};
			};
			buildConfigurationList = C952DBBC1F9474E800F4DF45 /* Build configuration list for PBXProject "Laddergame" */;
			compatibilityVersion = "Xcode 8.0";
			developmentRegion = en;
			hasScannedForEncodings = 0;
			knownRegions = (
				en,
			);
			mainGroup = C952DBB81F9474E800F4DF45;
			productRefGroup = C952DBC21F9474E800F4DF45 /* Products */;
			projectDirPath = "";
			projectRoot = "";
			targets = (
				C952DBC01F9474E800F4DF45 /* Laddergame */,
				C952DC001F9888F200F4DF45 /* UnitTestLadderGame */,
			);
		};
/* End PBXProject section */

/* Begin PBXResourcesBuildPhase section */
		C952DBFF1F9888F200F4DF45 /* Resources */ = {
			isa = PBXResourcesBuildPhase;
			buildActionMask = 2147483647;
			files = (
			);
			runOnlyForDeploymentPostprocessing = 0;
		};
/* End PBXResourcesBuildPhase section */

/* Begin PBXSourcesBuildPhase section */
		C952DBBD1F9474E800F4DF45 /* Sources */ = {
			isa = PBXSourcesBuildPhase;
			buildActionMask = 2147483647;
			files = (
				C952DBDF1F94F71300F4DF45 /* LadderPlayer.swift in Sources */,
				C952DBE31F94F75200F4DF45 /* InputView.swift in Sources */,
				C952DBE51F94F76C00F4DF45 /* ResultView.swift in Sources */,
				C952DBE11F94F73500F4DF45 /* LadderGame.swift in Sources */,
				C952DBC51F9474E800F4DF45 /* main.swift in Sources */,
			);
			runOnlyForDeploymentPostprocessing = 0;
		};
		C952DBFD1F9888F200F4DF45 /* Sources */ = {
			isa = PBXSourcesBuildPhase;
			buildActionMask = 2147483647;
			files = (
				C952DC091F98893E00F4DF45 /* LadderPlayer.swift in Sources */,
				C952DC0B1F98894D00F4DF45 /* ResultView.swift in Sources */,
				C952DC0A1F98894500F4DF45 /* LadderGame.swift in Sources */,
				C952DC041F9888F300F4DF45 /* UnitTestLadderGame.swift in Sources */,
			);
			runOnlyForDeploymentPostprocessing = 0;
		};
/* End PBXSourcesBuildPhase section */

/* Begin XCBuildConfiguration section */
		C952DBC61F9474E800F4DF45 /* Debug */ = {
			isa = XCBuildConfiguration;
			buildSettings = {
				ALWAYS_SEARCH_USER_PATHS = NO;
				CLANG_ANALYZER_NONNULL = YES;
				CLANG_ANALYZER_NUMBER_OBJECT_CONVERSION = YES_AGGRESSIVE;
				CLANG_CXX_LANGUAGE_STANDARD = "gnu++14";
				CLANG_CXX_LIBRARY = "libc++";
				CLANG_ENABLE_MODULES = YES;
				CLANG_ENABLE_OBJC_ARC = YES;
				CLANG_WARN_BLOCK_CAPTURE_AUTORELEASING = YES;
				CLANG_WARN_BOOL_CONVERSION = YES;
				CLANG_WARN_COMMA = YES;
				CLANG_WARN_CONSTANT_CONVERSION = YES;
				CLANG_WARN_DIRECT_OBJC_ISA_USAGE = YES_ERROR;
				CLANG_WARN_DOCUMENTATION_COMMENTS = YES;
				CLANG_WARN_EMPTY_BODY = YES;
				CLANG_WARN_ENUM_CONVERSION = YES;
				CLANG_WARN_INFINITE_RECURSION = YES;
				CLANG_WARN_INT_CONVERSION = YES;
				CLANG_WARN_NON_LITERAL_NULL_CONVERSION = YES;
				CLANG_WARN_OBJC_LITERAL_CONVERSION = YES;
				CLANG_WARN_OBJC_ROOT_CLASS = YES_ERROR;
				CLANG_WARN_RANGE_LOOP_ANALYSIS = YES;
				CLANG_WARN_STRICT_PROTOTYPES = YES;
				CLANG_WARN_SUSPICIOUS_MOVE = YES;
				CLANG_WARN_UNGUARDED_AVAILABILITY = YES_AGGRESSIVE;
				CLANG_WARN_UNREACHABLE_CODE = YES;
				CLANG_WARN__DUPLICATE_METHOD_MATCH = YES;
				CODE_SIGN_IDENTITY = "Mac Developer";
				COPY_PHASE_STRIP = NO;
				DEBUG_INFORMATION_FORMAT = dwarf;
				ENABLE_STRICT_OBJC_MSGSEND = YES;
				ENABLE_TESTABILITY = YES;
				GCC_C_LANGUAGE_STANDARD = gnu11;
				GCC_DYNAMIC_NO_PIC = NO;
				GCC_NO_COMMON_BLOCKS = YES;
				GCC_OPTIMIZATION_LEVEL = 0;
				GCC_PREPROCESSOR_DEFINITIONS = (
					"DEBUG=1",
					"$(inherited)",
				);
				GCC_WARN_64_TO_32_BIT_CONVERSION = YES;
				GCC_WARN_ABOUT_RETURN_TYPE = YES_ERROR;
				GCC_WARN_UNDECLARED_SELECTOR = YES;
				GCC_WARN_UNINITIALIZED_AUTOS = YES_AGGRESSIVE;
				GCC_WARN_UNUSED_FUNCTION = YES;
				GCC_WARN_UNUSED_VARIABLE = YES;
				MACOSX_DEPLOYMENT_TARGET = 10.12;
				MTL_ENABLE_DEBUG_INFO = YES;
				ONLY_ACTIVE_ARCH = YES;
				SDKROOT = macosx;
				SWIFT_ACTIVE_COMPILATION_CONDITIONS = DEBUG;
				SWIFT_OPTIMIZATION_LEVEL = "-Onone";
			};
			name = Debug;
		};
		C952DBC71F9474E800F4DF45 /* Release */ = {
			isa = XCBuildConfiguration;
			buildSettings = {
				ALWAYS_SEARCH_USER_PATHS = NO;
				CLANG_ANALYZER_NONNULL = YES;
				CLANG_ANALYZER_NUMBER_OBJECT_CONVERSION = YES_AGGRESSIVE;
				CLANG_CXX_LANGUAGE_STANDARD = "gnu++14";
				CLANG_CXX_LIBRARY = "libc++";
				CLANG_ENABLE_MODULES = YES;
				CLANG_ENABLE_OBJC_ARC = YES;
				CLANG_WARN_BLOCK_CAPTURE_AUTORELEASING = YES;
				CLANG_WARN_BOOL_CONVERSION = YES;
				CLANG_WARN_COMMA = YES;
				CLANG_WARN_CONSTANT_CONVERSION = YES;
				CLANG_WARN_DIRECT_OBJC_ISA_USAGE = YES_ERROR;
				CLANG_WARN_DOCUMENTATION_COMMENTS = YES;
				CLANG_WARN_EMPTY_BODY = YES;
				CLANG_WARN_ENUM_CONVERSION = YES;
				CLANG_WARN_INFINITE_RECURSION = YES;
				CLANG_WARN_INT_CONVERSION = YES;
				CLANG_WARN_NON_LITERAL_NULL_CONVERSION = YES;
				CLANG_WARN_OBJC_LITERAL_CONVERSION = YES;
				CLANG_WARN_OBJC_ROOT_CLASS = YES_ERROR;
				CLANG_WARN_RANGE_LOOP_ANALYSIS = YES;
				CLANG_WARN_STRICT_PROTOTYPES = YES;
				CLANG_WARN_SUSPICIOUS_MOVE = YES;
				CLANG_WARN_UNGUARDED_AVAILABILITY = YES_AGGRESSIVE;
				CLANG_WARN_UNREACHABLE_CODE = YES;
				CLANG_WARN__DUPLICATE_METHOD_MATCH = YES;
				CODE_SIGN_IDENTITY = "Mac Developer";
				COPY_PHASE_STRIP = NO;
				DEBUG_INFORMATION_FORMAT = "dwarf-with-dsym";
				ENABLE_NS_ASSERTIONS = NO;
				ENABLE_STRICT_OBJC_MSGSEND = YES;
				GCC_C_LANGUAGE_STANDARD = gnu11;
				GCC_NO_COMMON_BLOCKS = YES;
				GCC_WARN_64_TO_32_BIT_CONVERSION = YES;
				GCC_WARN_ABOUT_RETURN_TYPE = YES_ERROR;
				GCC_WARN_UNDECLARED_SELECTOR = YES;
				GCC_WARN_UNINITIALIZED_AUTOS = YES_AGGRESSIVE;
				GCC_WARN_UNUSED_FUNCTION = YES;
				GCC_WARN_UNUSED_VARIABLE = YES;
				MACOSX_DEPLOYMENT_TARGET = 10.12;
				MTL_ENABLE_DEBUG_INFO = NO;
				SDKROOT = macosx;
				SWIFT_OPTIMIZATION_LEVEL = "-Owholemodule";
			};
			name = Release;
		};
		C952DBC91F9474E800F4DF45 /* Debug */ = {
			isa = XCBuildConfiguration;
			buildSettings = {
				CODE_SIGN_STYLE = Automatic;
				DEVELOPMENT_TEAM = V9TZ6H4V4N;
				PRODUCT_NAME = "$(TARGET_NAME)";
				SWIFT_VERSION = 4.0;
			};
			name = Debug;
		};
		C952DBCA1F9474E800F4DF45 /* Release */ = {
			isa = XCBuildConfiguration;
			buildSettings = {
				CODE_SIGN_STYLE = Automatic;
				DEVELOPMENT_TEAM = V9TZ6H4V4N;
				PRODUCT_NAME = "$(TARGET_NAME)";
				SWIFT_VERSION = 4.0;
			};
			name = Release;
		};
		C952DC061F9888F300F4DF45 /* Debug */ = {
			isa = XCBuildConfiguration;
			buildSettings = {
				CODE_SIGN_STYLE = Automatic;
				COMBINE_HIDPI_IMAGES = YES;
				DEVELOPMENT_TEAM = V9TZ6H4V4N;
				INFOPLIST_FILE = UnitTestLadderGame/Info.plist;
				LD_RUNPATH_SEARCH_PATHS = "$(inherited) @executable_path/../Frameworks @loader_path/../Frameworks";
				PRODUCT_BUNDLE_IDENTIFIER = com.yourcompony.UnitTestLadderGame;
				PRODUCT_NAME = "$(TARGET_NAME)";
				SWIFT_VERSION = 4.0;
			};
			name = Debug;
		};
		C952DC071F9888F300F4DF45 /* Release */ = {
			isa = XCBuildConfiguration;
			buildSettings = {
				CODE_SIGN_STYLE = Automatic;
				COMBINE_HIDPI_IMAGES = YES;
				DEVELOPMENT_TEAM = V9TZ6H4V4N;
				INFOPLIST_FILE = UnitTestLadderGame/Info.plist;
				LD_RUNPATH_SEARCH_PATHS = "$(inherited) @executable_path/../Frameworks @loader_path/../Frameworks";
				PRODUCT_BUNDLE_IDENTIFIER = com.yourcompony.UnitTestLadderGame;
				PRODUCT_NAME = "$(TARGET_NAME)";
				SWIFT_VERSION = 4.0;
			};
			name = Release;
		};
/* End XCBuildConfiguration section */

/* Begin XCConfigurationList section */
		C952DBBC1F9474E800F4DF45 /* Build configuration list for PBXProject "Laddergame" */ = {
			isa = XCConfigurationList;
			buildConfigurations = (
				C952DBC61F9474E800F4DF45 /* Debug */,
				C952DBC71F9474E800F4DF45 /* Release */,
			);
			defaultConfigurationIsVisible = 0;
			defaultConfigurationName = Release;
		};
		C952DBC81F9474E800F4DF45 /* Build configuration list for PBXNativeTarget "Laddergame" */ = {
			isa = XCConfigurationList;
			buildConfigurations = (
				C952DBC91F9474E800F4DF45 /* Debug */,
				C952DBCA1F9474E800F4DF45 /* Release */,
			);
			defaultConfigurationIsVisible = 0;
			defaultConfigurationName = Release;
		};
		C952DC081F9888F300F4DF45 /* Build configuration list for PBXNativeTarget "UnitTestLadderGame" */ = {
			isa = XCConfigurationList;
			buildConfigurations = (
				C952DC061F9888F300F4DF45 /* Debug */,
				C952DC071F9888F300F4DF45 /* Release */,
			);
			defaultConfigurationIsVisible = 0;
			defaultConfigurationName = Release;
		};
/* End XCConfigurationList section */
	};
	rootObject = C952DBB91F9474E800F4DF45 /* Project object */;
}
