// !$*UTF8*$!
{
	archiveVersion = 1;
	classes = {
	};
	objectVersion = 48;
	objects = {

/* Begin PBXBuildFile section */
		402C14291FA70BA50025F2A5 /* ResultView.swift in Sources */ = {isa = PBXBuildFile; fileRef = 402C14251FA70BA40025F2A5 /* ResultView.swift */; };
		402C142A1FA70BA50025F2A5 /* InputView.swift in Sources */ = {isa = PBXBuildFile; fileRef = 402C14261FA70BA40025F2A5 /* InputView.swift */; };
		402C142B1FA70BA50025F2A5 /* GameInfo.swift in Sources */ = {isa = PBXBuildFile; fileRef = 402C14271FA70BA40025F2A5 /* GameInfo.swift */; };
		402C142C1FA70BA50025F2A5 /* LadderPlayer.swift in Sources */ = {isa = PBXBuildFile; fileRef = 402C14281FA70BA50025F2A5 /* LadderPlayer.swift */; };
		402C144C1FA8739F0025F2A5 /* UnitTestLadderGame.swift in Sources */ = {isa = PBXBuildFile; fileRef = 402C144B1FA8739F0025F2A5 /* UnitTestLadderGame.swift */; };
		4059BE4C1FA2DF16004C663A /* LadderGame.swift in Sources */ = {isa = PBXBuildFile; fileRef = 4059BE4B1FA2DF16004C663A /* LadderGame.swift */; };
		8377CC321F8B4401007F7335 /* main.swift in Sources */ = {isa = PBXBuildFile; fileRef = 8377CC311F8B4401007F7335 /* main.swift */; };
/* End PBXBuildFile section */

/* Begin PBXCopyFilesBuildPhase section */
		8377CC2C1F8B4401007F7335 /* CopyFiles */ = {
			isa = PBXCopyFilesBuildPhase;
			buildActionMask = 2147483647;
			dstPath = /usr/share/man/man1/;
			dstSubfolderSpec = 0;
			files = (
			);
			runOnlyForDeploymentPostprocessing = 1;
		};
/* End PBXCopyFilesBuildPhase section */

/* Begin PBXFileReference section */
		402C14251FA70BA40025F2A5 /* ResultView.swift */ = {isa = PBXFileReference; fileEncoding = 4; lastKnownFileType = sourcecode.swift; path = ResultView.swift; sourceTree = "<group>"; };
		402C14261FA70BA40025F2A5 /* InputView.swift */ = {isa = PBXFileReference; fileEncoding = 4; lastKnownFileType = sourcecode.swift; path = InputView.swift; sourceTree = "<group>"; };
		402C14271FA70BA40025F2A5 /* GameInfo.swift */ = {isa = PBXFileReference; fileEncoding = 4; lastKnownFileType = sourcecode.swift; path = GameInfo.swift; sourceTree = "<group>"; };
		402C14281FA70BA50025F2A5 /* LadderPlayer.swift */ = {isa = PBXFileReference; fileEncoding = 4; lastKnownFileType = sourcecode.swift; path = LadderPlayer.swift; sourceTree = "<group>"; };
		402C14491FA8739F0025F2A5 /* UnitTestLadderGame.xctest */ = {isa = PBXFileReference; explicitFileType = wrapper.cfbundle; includeInIndex = 0; path = UnitTestLadderGame.xctest; sourceTree = BUILT_PRODUCTS_DIR; };
		402C144B1FA8739F0025F2A5 /* UnitTestLadderGame.swift */ = {isa = PBXFileReference; lastKnownFileType = sourcecode.swift; path = UnitTestLadderGame.swift; sourceTree = "<group>"; };
		402C144D1FA8739F0025F2A5 /* Info.plist */ = {isa = PBXFileReference; lastKnownFileType = text.plist.xml; path = Info.plist; sourceTree = "<group>"; };
		4059BE4B1FA2DF16004C663A /* LadderGame.swift */ = {isa = PBXFileReference; lastKnownFileType = sourcecode.swift; path = LadderGame.swift; sourceTree = "<group>"; };
		8377CC2E1F8B4401007F7335 /* LadderGame */ = {isa = PBXFileReference; explicitFileType = "compiled.mach-o.executable"; includeInIndex = 0; path = LadderGame; sourceTree = BUILT_PRODUCTS_DIR; };
		8377CC311F8B4401007F7335 /* main.swift */ = {isa = PBXFileReference; lastKnownFileType = sourcecode.swift; path = main.swift; sourceTree = "<group>"; };
/* End PBXFileReference section */

/* Begin PBXFrameworksBuildPhase section */
		402C14461FA8739F0025F2A5 /* Frameworks */ = {
			isa = PBXFrameworksBuildPhase;
			buildActionMask = 2147483647;
			files = (
			);
			runOnlyForDeploymentPostprocessing = 0;
		};
		8377CC2B1F8B4401007F7335 /* Frameworks */ = {
			isa = PBXFrameworksBuildPhase;
			buildActionMask = 2147483647;
			files = (
			);
			runOnlyForDeploymentPostprocessing = 0;
		};
/* End PBXFrameworksBuildPhase section */

/* Begin PBXGroup section */
		402C144A1FA8739F0025F2A5 /* UnitTestLadderGame */ = {
			isa = PBXGroup;
			children = (
				402C144B1FA8739F0025F2A5 /* UnitTestLadderGame.swift */,
				402C144D1FA8739F0025F2A5 /* Info.plist */,
			);
			path = UnitTestLadderGame;
			sourceTree = "<group>";
		};
		8377CC251F8B4400007F7335 = {
			isa = PBXGroup;
			children = (
				8377CC301F8B4401007F7335 /* LadderGame */,
				402C144A1FA8739F0025F2A5 /* UnitTestLadderGame */,
				8377CC2F1F8B4401007F7335 /* Products */,
			);
			sourceTree = "<group>";
		};
		8377CC2F1F8B4401007F7335 /* Products */ = {
			isa = PBXGroup;
			children = (
				8377CC2E1F8B4401007F7335 /* LadderGame */,
				402C14491FA8739F0025F2A5 /* UnitTestLadderGame.xctest */,
			);
			name = Products;
			sourceTree = "<group>";
		};
		8377CC301F8B4401007F7335 /* LadderGame */ = {
			isa = PBXGroup;
			children = (
				402C14261FA70BA40025F2A5 /* InputView.swift */,
				402C14271FA70BA40025F2A5 /* GameInfo.swift */,
				4059BE4B1FA2DF16004C663A /* LadderGame.swift */,
				402C14281FA70BA50025F2A5 /* LadderPlayer.swift */,
				402C14251FA70BA40025F2A5 /* ResultView.swift */,
				8377CC311F8B4401007F7335 /* main.swift */,
			);
			path = LadderGame;
			sourceTree = "<group>";
		};
/* End PBXGroup section */

/* Begin PBXNativeTarget section */
		402C14481FA8739F0025F2A5 /* UnitTestLadderGame */ = {
			isa = PBXNativeTarget;
			buildConfigurationList = 402C14501FA8739F0025F2A5 /* Build configuration list for PBXNativeTarget "UnitTestLadderGame" */;
			buildPhases = (
				402C14451FA8739F0025F2A5 /* Sources */,
				402C14461FA8739F0025F2A5 /* Frameworks */,
				402C14471FA8739F0025F2A5 /* Resources */,
			);
			buildRules = (
			);
			dependencies = (
			);
			name = UnitTestLadderGame;
			productName = UnitTestLadderGame;
			productReference = 402C14491FA8739F0025F2A5 /* UnitTestLadderGame.xctest */;
			productType = "com.apple.product-type.bundle.unit-test";
		};
		8377CC2D1F8B4401007F7335 /* LadderGame */ = {
			isa = PBXNativeTarget;
			buildConfigurationList = 8377CC351F8B4401007F7335 /* Build configuration list for PBXNativeTarget "LadderGame" */;
			buildPhases = (
				8377CC2A1F8B4401007F7335 /* Sources */,
				8377CC2B1F8B4401007F7335 /* Frameworks */,
				8377CC2C1F8B4401007F7335 /* CopyFiles */,
			);
			buildRules = (
			);
			dependencies = (
			);
			name = LadderGame;
			productName = LadderGame;
			productReference = 8377CC2E1F8B4401007F7335 /* LadderGame */;
			productType = "com.apple.product-type.tool";
		};
/* End PBXNativeTarget section */

/* Begin PBXProject section */
		8377CC261F8B4400007F7335 /* Project object */ = {
			isa = PBXProject;
			attributes = {
				LastSwiftUpdateCheck = 0900;
				LastUpgradeCheck = 0900;
				ORGANIZATIONNAME = "Codesquad Inc.";
				TargetAttributes = {
					402C14481FA8739F0025F2A5 = {
						CreatedOnToolsVersion = 9.0.1;
						ProvisioningStyle = Automatic;
					};
					8377CC2D1F8B4401007F7335 = {
						CreatedOnToolsVersion = 9.0;
						ProvisioningStyle = Automatic;
					};
				};
			};
			buildConfigurationList = 8377CC291F8B4400007F7335 /* Build configuration list for PBXProject "LadderGame" */;
			compatibilityVersion = "Xcode 8.0";
			developmentRegion = en;
			hasScannedForEncodings = 0;
			knownRegions = (
				en,
			);
			mainGroup = 8377CC251F8B4400007F7335;
			productRefGroup = 8377CC2F1F8B4401007F7335 /* Products */;
			projectDirPath = "";
			projectRoot = "";
			targets = (
				8377CC2D1F8B4401007F7335 /* LadderGame */,
				402C14481FA8739F0025F2A5 /* UnitTestLadderGame */,
			);
		};
/* End PBXProject section */

/* Begin PBXResourcesBuildPhase section */
		402C14471FA8739F0025F2A5 /* Resources */ = {
			isa = PBXResourcesBuildPhase;
			buildActionMask = 2147483647;
			files = (
			);
			runOnlyForDeploymentPostprocessing = 0;
		};
/* End PBXResourcesBuildPhase section */

/* Begin PBXSourcesBuildPhase section */
		402C14451FA8739F0025F2A5 /* Sources */ = {
			isa = PBXSourcesBuildPhase;
			buildActionMask = 2147483647;
			files = (
				402C144C1FA8739F0025F2A5 /* UnitTestLadderGame.swift in Sources */,
			);
			runOnlyForDeploymentPostprocessing = 0;
		};
		8377CC2A1F8B4401007F7335 /* Sources */ = {
			isa = PBXSourcesBuildPhase;
			buildActionMask = 2147483647;
			files = (
				8377CC321F8B4401007F7335 /* main.swift in Sources */,
				402C142A1FA70BA50025F2A5 /* InputView.swift in Sources */,
				4059BE4C1FA2DF16004C663A /* LadderGame.swift in Sources */,
				402C14291FA70BA50025F2A5 /* ResultView.swift in Sources */,
				402C142C1FA70BA50025F2A5 /* LadderPlayer.swift in Sources */,
				402C142B1FA70BA50025F2A5 /* GameInfo.swift in Sources */,
			);
			runOnlyForDeploymentPostprocessing = 0;
		};
/* End PBXSourcesBuildPhase section */

/* Begin XCBuildConfiguration section */
		402C144E1FA8739F0025F2A5 /* Debug */ = {
			isa = XCBuildConfiguration;
			buildSettings = {
				CODE_SIGN_STYLE = Automatic;
				COMBINE_HIDPI_IMAGES = YES;
				INFOPLIST_FILE = UnitTestLadderGame/Info.plist;
				LD_RUNPATH_SEARCH_PATHS = "$(inherited) @executable_path/../Frameworks @loader_path/../Frameworks";
				MACOSX_DEPLOYMENT_TARGET = 10.12;
				PRODUCT_BUNDLE_IDENTIFIER = Napster.UnitTestLadderGame;
				PRODUCT_NAME = "$(TARGET_NAME)";
				SWIFT_VERSION = 4.0;
			};
			name = Debug;
		};
		402C144F1FA8739F0025F2A5 /* Release */ = {
			isa = XCBuildConfiguration;
			buildSettings = {
				CODE_SIGN_STYLE = Automatic;
				COMBINE_HIDPI_IMAGES = YES;
				INFOPLIST_FILE = UnitTestLadderGame/Info.plist;
				LD_RUNPATH_SEARCH_PATHS = "$(inherited) @executable_path/../Frameworks @loader_path/../Frameworks";
				MACOSX_DEPLOYMENT_TARGET = 10.12;
				PRODUCT_BUNDLE_IDENTIFIER = Napster.UnitTestLadderGame;
				PRODUCT_NAME = "$(TARGET_NAME)";
				SWIFT_VERSION = 4.0;
			};
			name = Release;
		};
		8377CC331F8B4401007F7335 /* Debug */ = {
			isa = XCBuildConfiguration;
			buildSettings = {
				ALWAYS_SEARCH_USER_PATHS = NO;
				CLANG_ANALYZER_NONNULL = YES;
				CLANG_ANALYZER_NUMBER_OBJECT_CONVERSION = YES_AGGRESSIVE;
				CLANG_CXX_LANGUAGE_STANDARD = "gnu++14";
				CLANG_CXX_LIBRARY = "libc++";
				CLANG_ENABLE_MODULES = YES;
				CLANG_ENABLE_OBJC_ARC = YES;
				CLANG_WARN_BLOCK_CAPTURE_AUTORELEASING = YES;
				CLANG_WARN_BOOL_CONVERSION = YES;
				CLANG_WARN_COMMA = YES;
				CLANG_WARN_CONSTANT_CONVERSION = YES;
				CLANG_WARN_DIRECT_OBJC_ISA_USAGE = YES_ERROR;
				CLANG_WARN_DOCUMENTATION_COMMENTS = YES;
				CLANG_WARN_EMPTY_BODY = YES;
				CLANG_WARN_ENUM_CONVERSION = YES;
				CLANG_WARN_INFINITE_RECURSION = YES;
				CLANG_WARN_INT_CONVERSION = YES;
				CLANG_WARN_NON_LITERAL_NULL_CONVERSION = YES;
				CLANG_WARN_OBJC_LITERAL_CONVERSION = YES;
				CLANG_WARN_OBJC_ROOT_CLASS = YES_ERROR;
				CLANG_WARN_RANGE_LOOP_ANALYSIS = YES;
				CLANG_WARN_STRICT_PROTOTYPES = YES;
				CLANG_WARN_SUSPICIOUS_MOVE = YES;
				CLANG_WARN_UNGUARDED_AVAILABILITY = YES_AGGRESSIVE;
				CLANG_WARN_UNREACHABLE_CODE = YES;
				CLANG_WARN__DUPLICATE_METHOD_MATCH = YES;
				CODE_SIGN_IDENTITY = "-";
				COPY_PHASE_STRIP = NO;
				DEBUG_INFORMATION_FORMAT = dwarf;
				ENABLE_STRICT_OBJC_MSGSEND = YES;
				ENABLE_TESTABILITY = YES;
				GCC_C_LANGUAGE_STANDARD = gnu11;
				GCC_DYNAMIC_NO_PIC = NO;
				GCC_NO_COMMON_BLOCKS = YES;
				GCC_OPTIMIZATION_LEVEL = 0;
				GCC_PREPROCESSOR_DEFINITIONS = (
					"DEBUG=1",
					"$(inherited)",
				);
				GCC_WARN_64_TO_32_BIT_CONVERSION = YES;
				GCC_WARN_ABOUT_RETURN_TYPE = YES_ERROR;
				GCC_WARN_UNDECLARED_SELECTOR = YES;
				GCC_WARN_UNINITIALIZED_AUTOS = YES_AGGRESSIVE;
				GCC_WARN_UNUSED_FUNCTION = YES;
				GCC_WARN_UNUSED_VARIABLE = YES;
				MACOSX_DEPLOYMENT_TARGET = 10.13;
				MTL_ENABLE_DEBUG_INFO = YES;
				ONLY_ACTIVE_ARCH = YES;
				SDKROOT = macosx;
				SWIFT_ACTIVE_COMPILATION_CONDITIONS = DEBUG;
				SWIFT_OPTIMIZATION_LEVEL = "-Onone";
			};
			name = Debug;
		};
		8377CC341F8B4401007F7335 /* Release */ = {
			isa = XCBuildConfiguration;
			buildSettings = {
				ALWAYS_SEARCH_USER_PATHS = NO;
				CLANG_ANALYZER_NONNULL = YES;
				CLANG_ANALYZER_NUMBER_OBJECT_CONVERSION = YES_AGGRESSIVE;
				CLANG_CXX_LANGUAGE_STANDARD = "gnu++14";
				CLANG_CXX_LIBRARY = "libc++";
				CLANG_ENABLE_MODULES = YES;
				CLANG_ENABLE_OBJC_ARC = YES;
				CLANG_WARN_BLOCK_CAPTURE_AUTORELEASING = YES;
				CLANG_WARN_BOOL_CONVERSION = YES;
				CLANG_WARN_COMMA = YES;
				CLANG_WARN_CONSTANT_CONVERSION = YES;
				CLANG_WARN_DIRECT_OBJC_ISA_USAGE = YES_ERROR;
				CLANG_WARN_DOCUMENTATION_COMMENTS = YES;
				CLANG_WARN_EMPTY_BODY = YES;
				CLANG_WARN_ENUM_CONVERSION = YES;
				CLANG_WARN_INFINITE_RECURSION = YES;
				CLANG_WARN_INT_CONVERSION = YES;
				CLANG_WARN_NON_LITERAL_NULL_CONVERSION = YES;
				CLANG_WARN_OBJC_LITERAL_CONVERSION = YES;
				CLANG_WARN_OBJC_ROOT_CLASS = YES_ERROR;
				CLANG_WARN_RANGE_LOOP_ANALYSIS = YES;
				CLANG_WARN_STRICT_PROTOTYPES = YES;
				CLANG_WARN_SUSPICIOUS_MOVE = YES;
				CLANG_WARN_UNGUARDED_AVAILABILITY = YES_AGGRESSIVE;
				CLANG_WARN_UNREACHABLE_CODE = YES;
				CLANG_WARN__DUPLICATE_METHOD_MATCH = YES;
				CODE_SIGN_IDENTITY = "-";
				COPY_PHASE_STRIP = NO;
				DEBUG_INFORMATION_FORMAT = "dwarf-with-dsym";
				ENABLE_NS_ASSERTIONS = NO;
				ENABLE_STRICT_OBJC_MSGSEND = YES;
				GCC_C_LANGUAGE_STANDARD = gnu11;
				GCC_NO_COMMON_BLOCKS = YES;
				GCC_WARN_64_TO_32_BIT_CONVERSION = YES;
				GCC_WARN_ABOUT_RETURN_TYPE = YES_ERROR;
				GCC_WARN_UNDECLARED_SELECTOR = YES;
				GCC_WARN_UNINITIALIZED_AUTOS = YES_AGGRESSIVE;
				GCC_WARN_UNUSED_FUNCTION = YES;
				GCC_WARN_UNUSED_VARIABLE = YES;
				MACOSX_DEPLOYMENT_TARGET = 10.13;
				MTL_ENABLE_DEBUG_INFO = NO;
				SDKROOT = macosx;
				SWIFT_OPTIMIZATION_LEVEL = "-Owholemodule";
			};
			name = Release;
		};
		8377CC361F8B4401007F7335 /* Debug */ = {
			isa = XCBuildConfiguration;
			buildSettings = {
				CODE_SIGN_STYLE = Automatic;
				MACOSX_DEPLOYMENT_TARGET = 10.12;
				PRODUCT_NAME = "$(TARGET_NAME)";
				SWIFT_VERSION = 4.0;
			};
			name = Debug;
		};
		8377CC371F8B4401007F7335 /* Release */ = {
			isa = XCBuildConfiguration;
			buildSettings = {
				CODE_SIGN_STYLE = Automatic;
				MACOSX_DEPLOYMENT_TARGET = 10.12;
				PRODUCT_NAME = "$(TARGET_NAME)";
				SWIFT_VERSION = 4.0;
			};
			name = Release;
		};
/* End XCBuildConfiguration section */

/* Begin XCConfigurationList section */
		402C14501FA8739F0025F2A5 /* Build configuration list for PBXNativeTarget "UnitTestLadderGame" */ = {
			isa = XCConfigurationList;
			buildConfigurations = (
				402C144E1FA8739F0025F2A5 /* Debug */,
				402C144F1FA8739F0025F2A5 /* Release */,
			);
			defaultConfigurationIsVisible = 0;
			defaultConfigurationName = Release;
		};
		8377CC291F8B4400007F7335 /* Build configuration list for PBXProject "LadderGame" */ = {
			isa = XCConfigurationList;
			buildConfigurations = (
				8377CC331F8B4401007F7335 /* Debug */,
				8377CC341F8B4401007F7335 /* Release */,
			);
			defaultConfigurationIsVisible = 0;
			defaultConfigurationName = Release;
		};
		8377CC351F8B4401007F7335 /* Build configuration list for PBXNativeTarget "LadderGame" */ = {
			isa = XCConfigurationList;
			buildConfigurations = (
				8377CC361F8B4401007F7335 /* Debug */,
				8377CC371F8B4401007F7335 /* Release */,
			);
			defaultConfigurationIsVisible = 0;
			defaultConfigurationName = Release;
		};
/* End XCConfigurationList section */
	};
	rootObject = 8377CC261F8B4400007F7335 /* Project object */;
}
