// !$*UTF8*$!
{
	archiveVersion = 1;
	classes = {
	};
	objectVersion = 48;
	objects = {

/* Begin PBXBuildFile section */
		C32C4E601FB6E2CD00601142 /* UnitTestLadderGame.swift in Sources */ = {isa = PBXBuildFile; fileRef = C32C4E5F1FB6E2CD00601142 /* UnitTestLadderGame.swift */; };
		C33DCDD31FBC1D15004B9DDC /* ValueData.swift in Sources */ = {isa = PBXBuildFile; fileRef = C33DCDD21FBC1D15004B9DDC /* ValueData.swift */; };
		C3D9D6CA1FB9777700467307 /* LadderGame.swift in Sources */ = {isa = PBXBuildFile; fileRef = C3E814F21FB04AD200D9F6FB /* LadderGame.swift */; };
		C3D9D6CB1FB977A700467307 /* LadderPlayer.swift in Sources */ = {isa = PBXBuildFile; fileRef = C3E814F41FB04AEB00D9F6FB /* LadderPlayer.swift */; };
		C3E814EA1FB0475D00D9F6FB /* main.swift in Sources */ = {isa = PBXBuildFile; fileRef = C3E814E91FB0475D00D9F6FB /* main.swift */; };
		C3E814F11FB0499A00D9F6FB /* InputView.swift in Sources */ = {isa = PBXBuildFile; fileRef = C3E814F01FB0499A00D9F6FB /* InputView.swift */; };
		C3E814F31FB04AD200D9F6FB /* LadderGame.swift in Sources */ = {isa = PBXBuildFile; fileRef = C3E814F21FB04AD200D9F6FB /* LadderGame.swift */; };
		C3E814F51FB04AEB00D9F6FB /* LadderPlayer.swift in Sources */ = {isa = PBXBuildFile; fileRef = C3E814F41FB04AEB00D9F6FB /* LadderPlayer.swift */; };
		C3E814F71FB04AF900D9F6FB /* ResultView.swift in Sources */ = {isa = PBXBuildFile; fileRef = C3E814F61FB04AF900D9F6FB /* ResultView.swift */; };
		C3E917E81FBAC873001A1B25 /* Checking.swift in Sources */ = {isa = PBXBuildFile; fileRef = C3E917E71FBAC873001A1B25 /* Checking.swift */; };
		C3E917E91FBAE09A001A1B25 /* Checking.swift in Sources */ = {isa = PBXBuildFile; fileRef = C3E917E71FBAC873001A1B25 /* Checking.swift */; };
/* End PBXBuildFile section */

/* Begin PBXCopyFilesBuildPhase section */
		C3E814E41FB0475D00D9F6FB /* CopyFiles */ = {
			isa = PBXCopyFilesBuildPhase;
			buildActionMask = 2147483647;
			dstPath = /usr/share/man/man1/;
			dstSubfolderSpec = 0;
			files = (
			);
			runOnlyForDeploymentPostprocessing = 1;
		};
/* End PBXCopyFilesBuildPhase section */

/* Begin PBXFileReference section */
		C32C4E5D1FB6E2CD00601142 /* UnitTestLadderGame.xctest */ = {isa = PBXFileReference; explicitFileType = wrapper.cfbundle; includeInIndex = 0; path = UnitTestLadderGame.xctest; sourceTree = BUILT_PRODUCTS_DIR; };
		C32C4E5F1FB6E2CD00601142 /* UnitTestLadderGame.swift */ = {isa = PBXFileReference; lastKnownFileType = sourcecode.swift; path = UnitTestLadderGame.swift; sourceTree = "<group>"; };
		C32C4E611FB6E2CD00601142 /* Info.plist */ = {isa = PBXFileReference; lastKnownFileType = text.plist.xml; path = Info.plist; sourceTree = "<group>"; };
		C33DCDD21FBC1D15004B9DDC /* ValueData.swift */ = {isa = PBXFileReference; lastKnownFileType = sourcecode.swift; path = ValueData.swift; sourceTree = "<group>"; };
		C3E814E61FB0475D00D9F6FB /* ladderGame */ = {isa = PBXFileReference; explicitFileType = "compiled.mach-o.executable"; includeInIndex = 0; path = ladderGame; sourceTree = BUILT_PRODUCTS_DIR; };
		C3E814E91FB0475D00D9F6FB /* main.swift */ = {isa = PBXFileReference; lastKnownFileType = sourcecode.swift; path = main.swift; sourceTree = "<group>"; };
		C3E814F01FB0499A00D9F6FB /* InputView.swift */ = {isa = PBXFileReference; lastKnownFileType = sourcecode.swift; path = InputView.swift; sourceTree = "<group>"; };
		C3E814F21FB04AD200D9F6FB /* LadderGame.swift */ = {isa = PBXFileReference; lastKnownFileType = sourcecode.swift; path = LadderGame.swift; sourceTree = "<group>"; };
		C3E814F41FB04AEB00D9F6FB /* LadderPlayer.swift */ = {isa = PBXFileReference; lastKnownFileType = sourcecode.swift; path = LadderPlayer.swift; sourceTree = "<group>"; };
		C3E814F61FB04AF900D9F6FB /* ResultView.swift */ = {isa = PBXFileReference; lastKnownFileType = sourcecode.swift; path = ResultView.swift; sourceTree = "<group>"; };
		C3E917E71FBAC873001A1B25 /* Checking.swift */ = {isa = PBXFileReference; lastKnownFileType = sourcecode.swift; path = Checking.swift; sourceTree = "<group>"; };
/* End PBXFileReference section */

/* Begin PBXFrameworksBuildPhase section */
		C32C4E5A1FB6E2CD00601142 /* Frameworks */ = {
			isa = PBXFrameworksBuildPhase;
			buildActionMask = 2147483647;
			files = (
			);
			runOnlyForDeploymentPostprocessing = 0;
		};
		C3E814E31FB0475D00D9F6FB /* Frameworks */ = {
			isa = PBXFrameworksBuildPhase;
			buildActionMask = 2147483647;
			files = (
			);
			runOnlyForDeploymentPostprocessing = 0;
		};
/* End PBXFrameworksBuildPhase section */

/* Begin PBXGroup section */
		C32C4E5E1FB6E2CD00601142 /* UnitTestLadderGame */ = {
			isa = PBXGroup;
			children = (
				C32C4E5F1FB6E2CD00601142 /* UnitTestLadderGame.swift */,
				C32C4E611FB6E2CD00601142 /* Info.plist */,
			);
			path = UnitTestLadderGame;
			sourceTree = "<group>";
		};
		C3E814DD1FB0475D00D9F6FB = {
			isa = PBXGroup;
			children = (
				C3E814E81FB0475D00D9F6FB /* ladderGame */,
				C32C4E5E1FB6E2CD00601142 /* UnitTestLadderGame */,
				C3E814E71FB0475D00D9F6FB /* Products */,
			);
			sourceTree = "<group>";
		};
		C3E814E71FB0475D00D9F6FB /* Products */ = {
			isa = PBXGroup;
			children = (
				C3E814E61FB0475D00D9F6FB /* ladderGame */,
				C32C4E5D1FB6E2CD00601142 /* UnitTestLadderGame.xctest */,
			);
			name = Products;
			sourceTree = "<group>";
		};
		C3E814E81FB0475D00D9F6FB /* ladderGame */ = {
			isa = PBXGroup;
			children = (
				C3E814E91FB0475D00D9F6FB /* main.swift */,
				C3E814F01FB0499A00D9F6FB /* InputView.swift */,
				C33DCDD21FBC1D15004B9DDC /* ValueData.swift */,
				C3E917E71FBAC873001A1B25 /* Checking.swift */,
				C3E814F21FB04AD200D9F6FB /* LadderGame.swift */,
				C3E814F41FB04AEB00D9F6FB /* LadderPlayer.swift */,
				C3E814F61FB04AF900D9F6FB /* ResultView.swift */,
			);
			path = ladderGame;
			sourceTree = "<group>";
		};
/* End PBXGroup section */

/* Begin PBXNativeTarget section */
		C32C4E5C1FB6E2CD00601142 /* UnitTestLadderGame */ = {
			isa = PBXNativeTarget;
			buildConfigurationList = C32C4E641FB6E2CD00601142 /* Build configuration list for PBXNativeTarget "UnitTestLadderGame" */;
			buildPhases = (
				C32C4E591FB6E2CD00601142 /* Sources */,
				C32C4E5A1FB6E2CD00601142 /* Frameworks */,
				C32C4E5B1FB6E2CD00601142 /* Resources */,
			);
			buildRules = (
			);
			dependencies = (
			);
			name = UnitTestLadderGame;
			productName = UnitTestLadderGame;
			productReference = C32C4E5D1FB6E2CD00601142 /* UnitTestLadderGame.xctest */;
			productType = "com.apple.product-type.bundle.unit-test";
		};
		C3E814E51FB0475D00D9F6FB /* ladderGame */ = {
			isa = PBXNativeTarget;
			buildConfigurationList = C3E814ED1FB0475D00D9F6FB /* Build configuration list for PBXNativeTarget "ladderGame" */;
			buildPhases = (
				C3E814E21FB0475D00D9F6FB /* Sources */,
				C3E814E31FB0475D00D9F6FB /* Frameworks */,
				C3E814E41FB0475D00D9F6FB /* CopyFiles */,
			);
			buildRules = (
			);
			dependencies = (
			);
			name = ladderGame;
			productName = ladderGameStep3;
			productReference = C3E814E61FB0475D00D9F6FB /* ladderGame */;
			productType = "com.apple.product-type.tool";
		};
/* End PBXNativeTarget section */

/* Begin PBXProject section */
		C3E814DE1FB0475D00D9F6FB /* Project object */ = {
			isa = PBXProject;
			attributes = {
				LastSwiftUpdateCheck = 0910;
				LastUpgradeCheck = 0900;
				ORGANIZATIONNAME = "JH Factory";
				TargetAttributes = {
					C32C4E5C1FB6E2CD00601142 = {
						CreatedOnToolsVersion = 9.1;
						ProvisioningStyle = Automatic;
					};
					C3E814E51FB0475D00D9F6FB = {
						CreatedOnToolsVersion = 9.0.1;
						ProvisioningStyle = Automatic;
					};
				};
			};
			buildConfigurationList = C3E814E11FB0475D00D9F6FB /* Build configuration list for PBXProject "ladderGame" */;
			compatibilityVersion = "Xcode 8.0";
			developmentRegion = en;
			hasScannedForEncodings = 0;
			knownRegions = (
				en,
			);
			mainGroup = C3E814DD1FB0475D00D9F6FB;
			productRefGroup = C3E814E71FB0475D00D9F6FB /* Products */;
			projectDirPath = "";
			projectRoot = "";
			targets = (
				C3E814E51FB0475D00D9F6FB /* ladderGame */,
				C32C4E5C1FB6E2CD00601142 /* UnitTestLadderGame */,
			);
		};
/* End PBXProject section */

/* Begin PBXResourcesBuildPhase section */
		C32C4E5B1FB6E2CD00601142 /* Resources */ = {
			isa = PBXResourcesBuildPhase;
			buildActionMask = 2147483647;
			files = (
			);
			runOnlyForDeploymentPostprocessing = 0;
		};
/* End PBXResourcesBuildPhase section */

/* Begin PBXSourcesBuildPhase section */
		C32C4E591FB6E2CD00601142 /* Sources */ = {
			isa = PBXSourcesBuildPhase;
			buildActionMask = 2147483647;
			files = (
				C3D9D6CB1FB977A700467307 /* LadderPlayer.swift in Sources */,
				C3E917E91FBAE09A001A1B25 /* Checking.swift in Sources */,
				C32C4E601FB6E2CD00601142 /* UnitTestLadderGame.swift in Sources */,
				C3D9D6CA1FB9777700467307 /* LadderGame.swift in Sources */,
			);
			runOnlyForDeploymentPostprocessing = 0;
		};
		C3E814E21FB0475D00D9F6FB /* Sources */ = {
			isa = PBXSourcesBuildPhase;
			buildActionMask = 2147483647;
			files = (
				C3E917E81FBAC873001A1B25 /* Checking.swift in Sources */,
				C3E814EA1FB0475D00D9F6FB /* main.swift in Sources */,
				C3E814F31FB04AD200D9F6FB /* LadderGame.swift in Sources */,
				C3E814F71FB04AF900D9F6FB /* ResultView.swift in Sources */,
				C3E814F51FB04AEB00D9F6FB /* LadderPlayer.swift in Sources */,
				C33DCDD31FBC1D15004B9DDC /* ValueData.swift in Sources */,
				C3E814F11FB0499A00D9F6FB /* InputView.swift in Sources */,
			);
			runOnlyForDeploymentPostprocessing = 0;
		};
/* End PBXSourcesBuildPhase section */

/* Begin XCBuildConfiguration section */
		C32C4E621FB6E2CD00601142 /* Debug */ = {
			isa = XCBuildConfiguration;
			buildSettings = {
				CODE_SIGN_STYLE = Automatic;
				COMBINE_HIDPI_IMAGES = YES;
				INFOPLIST_FILE = UnitTestLadderGame/Info.plist;
				LD_RUNPATH_SEARCH_PATHS = "$(inherited) @executable_path/../Frameworks @loader_path/../Frameworks";
				MACOSX_DEPLOYMENT_TARGET = 10.13;
				PRODUCT_BUNDLE_IDENTIFIER = cjh.UnitTestLadderGame;
				PRODUCT_NAME = "$(TARGET_NAME)";
				SWIFT_VERSION = 4.0;
			};
			name = Debug;
		};
		C32C4E631FB6E2CD00601142 /* Release */ = {
			isa = XCBuildConfiguration;
			buildSettings = {
				CODE_SIGN_STYLE = Automatic;
				COMBINE_HIDPI_IMAGES = YES;
				INFOPLIST_FILE = UnitTestLadderGame/Info.plist;
				LD_RUNPATH_SEARCH_PATHS = "$(inherited) @executable_path/../Frameworks @loader_path/../Frameworks";
				MACOSX_DEPLOYMENT_TARGET = 10.13;
				PRODUCT_BUNDLE_IDENTIFIER = cjh.UnitTestLadderGame;
				PRODUCT_NAME = "$(TARGET_NAME)";
				SWIFT_VERSION = 4.0;
			};
			name = Release;
		};
		C3E814EB1FB0475D00D9F6FB /* Debug */ = {
			isa = XCBuildConfiguration;
			buildSettings = {
				ALWAYS_SEARCH_USER_PATHS = NO;
				CLANG_ANALYZER_NONNULL = YES;
				CLANG_ANALYZER_NUMBER_OBJECT_CONVERSION = YES_AGGRESSIVE;
				CLANG_CXX_LANGUAGE_STANDARD = "gnu++14";
				CLANG_CXX_LIBRARY = "libc++";
				CLANG_ENABLE_MODULES = YES;
				CLANG_ENABLE_OBJC_ARC = YES;
				CLANG_WARN_BLOCK_CAPTURE_AUTORELEASING = YES;
				CLANG_WARN_BOOL_CONVERSION = YES;
				CLANG_WARN_COMMA = YES;
				CLANG_WARN_CONSTANT_CONVERSION = YES;
				CLANG_WARN_DIRECT_OBJC_ISA_USAGE = YES_ERROR;
				CLANG_WARN_DOCUMENTATION_COMMENTS = YES;
				CLANG_WARN_EMPTY_BODY = YES;
				CLANG_WARN_ENUM_CONVERSION = YES;
				CLANG_WARN_INFINITE_RECURSION = YES;
				CLANG_WARN_INT_CONVERSION = YES;
				CLANG_WARN_NON_LITERAL_NULL_CONVERSION = YES;
				CLANG_WARN_OBJC_LITERAL_CONVERSION = YES;
				CLANG_WARN_OBJC_ROOT_CLASS = YES_ERROR;
				CLANG_WARN_RANGE_LOOP_ANALYSIS = YES;
				CLANG_WARN_STRICT_PROTOTYPES = YES;
				CLANG_WARN_SUSPICIOUS_MOVE = YES;
				CLANG_WARN_UNGUARDED_AVAILABILITY = YES_AGGRESSIVE;
				CLANG_WARN_UNREACHABLE_CODE = YES;
				CLANG_WARN__DUPLICATE_METHOD_MATCH = YES;
				CODE_SIGN_IDENTITY = "-";
				COPY_PHASE_STRIP = NO;
				DEBUG_INFORMATION_FORMAT = dwarf;
				ENABLE_STRICT_OBJC_MSGSEND = YES;
				ENABLE_TESTABILITY = YES;
				GCC_C_LANGUAGE_STANDARD = gnu11;
				GCC_DYNAMIC_NO_PIC = NO;
				GCC_NO_COMMON_BLOCKS = YES;
				GCC_OPTIMIZATION_LEVEL = 0;
				GCC_PREPROCESSOR_DEFINITIONS = (
					"DEBUG=1",
					"$(inherited)",
				);
				GCC_WARN_64_TO_32_BIT_CONVERSION = YES;
				GCC_WARN_ABOUT_RETURN_TYPE = YES_ERROR;
				GCC_WARN_UNDECLARED_SELECTOR = YES;
				GCC_WARN_UNINITIALIZED_AUTOS = YES_AGGRESSIVE;
				GCC_WARN_UNUSED_FUNCTION = YES;
				GCC_WARN_UNUSED_VARIABLE = YES;
				MACOSX_DEPLOYMENT_TARGET = 10.12;
				MTL_ENABLE_DEBUG_INFO = YES;
				ONLY_ACTIVE_ARCH = YES;
				SDKROOT = macosx;
				SWIFT_ACTIVE_COMPILATION_CONDITIONS = DEBUG;
				SWIFT_OPTIMIZATION_LEVEL = "-Onone";
			};
			name = Debug;
		};
		C3E814EC1FB0475D00D9F6FB /* Release */ = {
			isa = XCBuildConfiguration;
			buildSettings = {
				ALWAYS_SEARCH_USER_PATHS = NO;
				CLANG_ANALYZER_NONNULL = YES;
				CLANG_ANALYZER_NUMBER_OBJECT_CONVERSION = YES_AGGRESSIVE;
				CLANG_CXX_LANGUAGE_STANDARD = "gnu++14";
				CLANG_CXX_LIBRARY = "libc++";
				CLANG_ENABLE_MODULES = YES;
				CLANG_ENABLE_OBJC_ARC = YES;
				CLANG_WARN_BLOCK_CAPTURE_AUTORELEASING = YES;
				CLANG_WARN_BOOL_CONVERSION = YES;
				CLANG_WARN_COMMA = YES;
				CLANG_WARN_CONSTANT_CONVERSION = YES;
				CLANG_WARN_DIRECT_OBJC_ISA_USAGE = YES_ERROR;
				CLANG_WARN_DOCUMENTATION_COMMENTS = YES;
				CLANG_WARN_EMPTY_BODY = YES;
				CLANG_WARN_ENUM_CONVERSION = YES;
				CLANG_WARN_INFINITE_RECURSION = YES;
				CLANG_WARN_INT_CONVERSION = YES;
				CLANG_WARN_NON_LITERAL_NULL_CONVERSION = YES;
				CLANG_WARN_OBJC_LITERAL_CONVERSION = YES;
				CLANG_WARN_OBJC_ROOT_CLASS = YES_ERROR;
				CLANG_WARN_RANGE_LOOP_ANALYSIS = YES;
				CLANG_WARN_STRICT_PROTOTYPES = YES;
				CLANG_WARN_SUSPICIOUS_MOVE = YES;
				CLANG_WARN_UNGUARDED_AVAILABILITY = YES_AGGRESSIVE;
				CLANG_WARN_UNREACHABLE_CODE = YES;
				CLANG_WARN__DUPLICATE_METHOD_MATCH = YES;
				CODE_SIGN_IDENTITY = "-";
				COPY_PHASE_STRIP = NO;
				DEBUG_INFORMATION_FORMAT = "dwarf-with-dsym";
				ENABLE_NS_ASSERTIONS = NO;
				ENABLE_STRICT_OBJC_MSGSEND = YES;
				GCC_C_LANGUAGE_STANDARD = gnu11;
				GCC_NO_COMMON_BLOCKS = YES;
				GCC_WARN_64_TO_32_BIT_CONVERSION = YES;
				GCC_WARN_ABOUT_RETURN_TYPE = YES_ERROR;
				GCC_WARN_UNDECLARED_SELECTOR = YES;
				GCC_WARN_UNINITIALIZED_AUTOS = YES_AGGRESSIVE;
				GCC_WARN_UNUSED_FUNCTION = YES;
				GCC_WARN_UNUSED_VARIABLE = YES;
				MACOSX_DEPLOYMENT_TARGET = 10.12;
				MTL_ENABLE_DEBUG_INFO = NO;
				SDKROOT = macosx;
				SWIFT_OPTIMIZATION_LEVEL = "-Owholemodule";
			};
			name = Release;
		};
		C3E814EE1FB0475D00D9F6FB /* Debug */ = {
			isa = XCBuildConfiguration;
			buildSettings = {
				CODE_SIGN_STYLE = Automatic;
				PRODUCT_NAME = "$(TARGET_NAME)";
				SWIFT_VERSION = 4.0;
			};
			name = Debug;
		};
		C3E814EF1FB0475D00D9F6FB /* Release */ = {
			isa = XCBuildConfiguration;
			buildSettings = {
				CODE_SIGN_STYLE = Automatic;
				PRODUCT_NAME = "$(TARGET_NAME)";
				SWIFT_VERSION = 4.0;
			};
			name = Release;
		};
/* End XCBuildConfiguration section */

/* Begin XCConfigurationList section */
		C32C4E641FB6E2CD00601142 /* Build configuration list for PBXNativeTarget "UnitTestLadderGame" */ = {
			isa = XCConfigurationList;
			buildConfigurations = (
				C32C4E621FB6E2CD00601142 /* Debug */,
				C32C4E631FB6E2CD00601142 /* Release */,
			);
			defaultConfigurationIsVisible = 0;
			defaultConfigurationName = Release;
		};
		C3E814E11FB0475D00D9F6FB /* Build configuration list for PBXProject "ladderGame" */ = {
			isa = XCConfigurationList;
			buildConfigurations = (
				C3E814EB1FB0475D00D9F6FB /* Debug */,
				C3E814EC1FB0475D00D9F6FB /* Release */,
			);
			defaultConfigurationIsVisible = 0;
			defaultConfigurationName = Release;
		};
		C3E814ED1FB0475D00D9F6FB /* Build configuration list for PBXNativeTarget "ladderGame" */ = {
			isa = XCConfigurationList;
			buildConfigurations = (
				C3E814EE1FB0475D00D9F6FB /* Debug */,
				C3E814EF1FB0475D00D9F6FB /* Release */,
			);
			defaultConfigurationIsVisible = 0;
			defaultConfigurationName = Release;
		};
/* End XCConfigurationList section */
	};
	rootObject = C3E814DE1FB0475D00D9F6FB /* Project object */;
}
